// !$*UTF8*$!
{
	archiveVersion = 1;
	classes = {
	};
	objectVersion = 50;
	objects = {

/* Begin PBXBuildFile section */
		908FEE08217AB59900176960 /* AppDelegate.swift in Sources */ = {isa = PBXBuildFile; fileRef = 908FEE07217AB59900176960 /* AppDelegate.swift */; };
		908FEE0D217AB59900176960 /* Main.storyboard in Resources */ = {isa = PBXBuildFile; fileRef = 908FEE0B217AB59900176960 /* Main.storyboard */; };
		908FEE0F217AB59B00176960 /* Assets.xcassets in Resources */ = {isa = PBXBuildFile; fileRef = 908FEE0E217AB59B00176960 /* Assets.xcassets */; };
		908FEE12217AB59B00176960 /* LaunchScreen.storyboard in Resources */ = {isa = PBXBuildFile; fileRef = 908FEE10217AB59B00176960 /* LaunchScreen.storyboard */; };
		908FEE1D217AB59B00176960 /* TipsterTests.swift in Sources */ = {isa = PBXBuildFile; fileRef = 908FEE1C217AB59B00176960 /* TipsterTests.swift */; };
		908FEE28217AB59B00176960 /* TipsterUITests.swift in Sources */ = {isa = PBXBuildFile; fileRef = 908FEE27217AB59B00176960 /* TipsterUITests.swift */; };
		909ED55E217ABC88002581FC /* HomeViewController.swift in Sources */ = {isa = PBXBuildFile; fileRef = 909ED55D217ABC88002581FC /* HomeViewController.swift */; };
/* End PBXBuildFile section */

/* Begin PBXContainerItemProxy section */
		908FEE19217AB59B00176960 /* PBXContainerItemProxy */ = {
			isa = PBXContainerItemProxy;
			containerPortal = 908FEDFC217AB59900176960 /* Project object */;
			proxyType = 1;
			remoteGlobalIDString = 908FEE03217AB59900176960;
			remoteInfo = Tipster;
		};
		908FEE24217AB59B00176960 /* PBXContainerItemProxy */ = {
			isa = PBXContainerItemProxy;
			containerPortal = 908FEDFC217AB59900176960 /* Project object */;
			proxyType = 1;
			remoteGlobalIDString = 908FEE03217AB59900176960;
			remoteInfo = Tipster;
		};
/* End PBXContainerItemProxy section */

/* Begin PBXFileReference section */
		908FEE04217AB59900176960 /* Tipster.app */ = {isa = PBXFileReference; explicitFileType = wrapper.application; includeInIndex = 0; path = Tipster.app; sourceTree = BUILT_PRODUCTS_DIR; };
		908FEE07217AB59900176960 /* AppDelegate.swift */ = {isa = PBXFileReference; lastKnownFileType = sourcecode.swift; path = AppDelegate.swift; sourceTree = "<group>"; };
		908FEE0C217AB59900176960 /* Base */ = {isa = PBXFileReference; lastKnownFileType = file.storyboard; name = Base; path = Base.lproj/Main.storyboard; sourceTree = "<group>"; };
		908FEE0E217AB59B00176960 /* Assets.xcassets */ = {isa = PBXFileReference; lastKnownFileType = folder.assetcatalog; path = Assets.xcassets; sourceTree = "<group>"; };
		908FEE11217AB59B00176960 /* Base */ = {isa = PBXFileReference; lastKnownFileType = file.storyboard; name = Base; path = Base.lproj/LaunchScreen.storyboard; sourceTree = "<group>"; };
		908FEE13217AB59B00176960 /* Info.plist */ = {isa = PBXFileReference; lastKnownFileType = text.plist.xml; path = Info.plist; sourceTree = "<group>"; };
		908FEE18217AB59B00176960 /* TipsterTests.xctest */ = {isa = PBXFileReference; explicitFileType = wrapper.cfbundle; includeInIndex = 0; path = TipsterTests.xctest; sourceTree = BUILT_PRODUCTS_DIR; };
		908FEE1C217AB59B00176960 /* TipsterTests.swift */ = {isa = PBXFileReference; lastKnownFileType = sourcecode.swift; path = TipsterTests.swift; sourceTree = "<group>"; };
		908FEE1E217AB59B00176960 /* Info.plist */ = {isa = PBXFileReference; lastKnownFileType = text.plist.xml; path = Info.plist; sourceTree = "<group>"; };
		908FEE23217AB59B00176960 /* TipsterUITests.xctest */ = {isa = PBXFileReference; explicitFileType = wrapper.cfbundle; includeInIndex = 0; path = TipsterUITests.xctest; sourceTree = BUILT_PRODUCTS_DIR; };
		908FEE27217AB59B00176960 /* TipsterUITests.swift */ = {isa = PBXFileReference; lastKnownFileType = sourcecode.swift; path = TipsterUITests.swift; sourceTree = "<group>"; };
		908FEE29217AB59B00176960 /* Info.plist */ = {isa = PBXFileReference; lastKnownFileType = text.plist.xml; path = Info.plist; sourceTree = "<group>"; };
		909ED55D217ABC88002581FC /* HomeViewController.swift */ = {isa = PBXFileReference; lastKnownFileType = sourcecode.swift; path = HomeViewController.swift; sourceTree = "<group>"; };
/* End PBXFileReference section */

/* Begin PBXFrameworksBuildPhase section */
		908FEE01217AB59900176960 /* Frameworks */ = {
			isa = PBXFrameworksBuildPhase;
			buildActionMask = 2147483647;
			files = (
			);
			runOnlyForDeploymentPostprocessing = 0;
		};
		908FEE15217AB59B00176960 /* Frameworks */ = {
			isa = PBXFrameworksBuildPhase;
			buildActionMask = 2147483647;
			files = (
			);
			runOnlyForDeploymentPostprocessing = 0;
		};
		908FEE20217AB59B00176960 /* Frameworks */ = {
			isa = PBXFrameworksBuildPhase;
			buildActionMask = 2147483647;
			files = (
			);
			runOnlyForDeploymentPostprocessing = 0;
		};
/* End PBXFrameworksBuildPhase section */

/* Begin PBXGroup section */
		908FEDFB217AB59900176960 = {
			isa = PBXGroup;
			children = (
				908FEE06217AB59900176960 /* Tipster */,
				908FEE1B217AB59B00176960 /* TipsterTests */,
				908FEE26217AB59B00176960 /* TipsterUITests */,
				908FEE05217AB59900176960 /* Products */,
			);
			sourceTree = "<group>";
		};
		908FEE05217AB59900176960 /* Products */ = {
			isa = PBXGroup;
			children = (
				908FEE04217AB59900176960 /* Tipster.app */,
				908FEE18217AB59B00176960 /* TipsterTests.xctest */,
				908FEE23217AB59B00176960 /* TipsterUITests.xctest */,
			);
			name = Products;
			sourceTree = "<group>";
		};
		908FEE06217AB59900176960 /* Tipster */ = {
			isa = PBXGroup;
			children = (
				908FEE07217AB59900176960 /* AppDelegate.swift */,
				908FEE0B217AB59900176960 /* Main.storyboard */,
				908FEE0E217AB59B00176960 /* Assets.xcassets */,
				908FEE10217AB59B00176960 /* LaunchScreen.storyboard */,
				908FEE13217AB59B00176960 /* Info.plist */,
				909ED55D217ABC88002581FC /* HomeViewController.swift */,
			);
			path = Tipster;
			sourceTree = "<group>";
		};
		908FEE1B217AB59B00176960 /* TipsterTests */ = {
			isa = PBXGroup;
			children = (
				908FEE1C217AB59B00176960 /* TipsterTests.swift */,
				908FEE1E217AB59B00176960 /* Info.plist */,
			);
			path = TipsterTests;
			sourceTree = "<group>";
		};
		908FEE26217AB59B00176960 /* TipsterUITests */ = {
			isa = PBXGroup;
			children = (
				908FEE27217AB59B00176960 /* TipsterUITests.swift */,
				908FEE29217AB59B00176960 /* Info.plist */,
			);
			path = TipsterUITests;
			sourceTree = "<group>";
		};
/* End PBXGroup section */

/* Begin PBXNativeTarget section */
		908FEE03217AB59900176960 /* Tipster */ = {
			isa = PBXNativeTarget;
			buildConfigurationList = 908FEE2C217AB59B00176960 /* Build configuration list for PBXNativeTarget "Tipster" */;
			buildPhases = (
				908FEE00217AB59900176960 /* Sources */,
				908FEE01217AB59900176960 /* Frameworks */,
				908FEE02217AB59900176960 /* Resources */,
			);
			buildRules = (
			);
			dependencies = (
			);
			name = Tipster;
			productName = Tipster;
			productReference = 908FEE04217AB59900176960 /* Tipster.app */;
			productType = "com.apple.product-type.application";
		};
		908FEE17217AB59B00176960 /* TipsterTests */ = {
			isa = PBXNativeTarget;
			buildConfigurationList = 908FEE2F217AB59B00176960 /* Build configuration list for PBXNativeTarget "TipsterTests" */;
			buildPhases = (
				908FEE14217AB59B00176960 /* Sources */,
				908FEE15217AB59B00176960 /* Frameworks */,
				908FEE16217AB59B00176960 /* Resources */,
			);
			buildRules = (
			);
			dependencies = (
				908FEE1A217AB59B00176960 /* PBXTargetDependency */,
			);
			name = TipsterTests;
			productName = TipsterTests;
			productReference = 908FEE18217AB59B00176960 /* TipsterTests.xctest */;
			productType = "com.apple.product-type.bundle.unit-test";
		};
		908FEE22217AB59B00176960 /* TipsterUITests */ = {
			isa = PBXNativeTarget;
			buildConfigurationList = 908FEE32217AB59B00176960 /* Build configuration list for PBXNativeTarget "TipsterUITests" */;
			buildPhases = (
				908FEE1F217AB59B00176960 /* Sources */,
				908FEE20217AB59B00176960 /* Frameworks */,
				908FEE21217AB59B00176960 /* Resources */,
			);
			buildRules = (
			);
			dependencies = (
				908FEE25217AB59B00176960 /* PBXTargetDependency */,
			);
			name = TipsterUITests;
			productName = TipsterUITests;
			productReference = 908FEE23217AB59B00176960 /* TipsterUITests.xctest */;
			productType = "com.apple.product-type.bundle.ui-testing";
		};
/* End PBXNativeTarget section */

/* Begin PBXProject section */
		908FEDFC217AB59900176960 /* Project object */ = {
			isa = PBXProject;
			attributes = {
				LastSwiftUpdateCheck = 1000;
				LastUpgradeCheck = 1000;
				ORGANIZATIONNAME = "MD Abir Choudhury";
				TargetAttributes = {
					908FEE03217AB59900176960 = {
						CreatedOnToolsVersion = 10.0;
					};
					908FEE17217AB59B00176960 = {
						CreatedOnToolsVersion = 10.0;
						TestTargetID = 908FEE03217AB59900176960;
					};
					908FEE22217AB59B00176960 = {
						CreatedOnToolsVersion = 10.0;
						TestTargetID = 908FEE03217AB59900176960;
					};
				};
			};
			buildConfigurationList = 908FEDFF217AB59900176960 /* Build configuration list for PBXProject "Tipster" */;
			compatibilityVersion = "Xcode 9.3";
			developmentRegion = en;
			hasScannedForEncodings = 0;
			knownRegions = (
				en,
				Base,
			);
			mainGroup = 908FEDFB217AB59900176960;
			productRefGroup = 908FEE05217AB59900176960 /* Products */;
			projectDirPath = "";
			projectRoot = "";
			targets = (
				908FEE03217AB59900176960 /* Tipster */,
				908FEE17217AB59B00176960 /* TipsterTests */,
				908FEE22217AB59B00176960 /* TipsterUITests */,
			);
		};
/* End PBXProject section */

/* Begin PBXResourcesBuildPhase section */
		908FEE02217AB59900176960 /* Resources */ = {
			isa = PBXResourcesBuildPhase;
			buildActionMask = 2147483647;
			files = (
				908FEE12217AB59B00176960 /* LaunchScreen.storyboard in Resources */,
				908FEE0F217AB59B00176960 /* Assets.xcassets in Resources */,
				908FEE0D217AB59900176960 /* Main.storyboard in Resources */,
			);
			runOnlyForDeploymentPostprocessing = 0;
		};
		908FEE16217AB59B00176960 /* Resources */ = {
			isa = PBXResourcesBuildPhase;
			buildActionMask = 2147483647;
			files = (
			);
			runOnlyForDeploymentPostprocessing = 0;
		};
		908FEE21217AB59B00176960 /* Resources */ = {
			isa = PBXResourcesBuildPhase;
			buildActionMask = 2147483647;
			files = (
			);
			runOnlyForDeploymentPostprocessing = 0;
		};
/* End PBXResourcesBuildPhase section */

/* Begin PBXSourcesBuildPhase section */
		908FEE00217AB59900176960 /* Sources */ = {
			isa = PBXSourcesBuildPhase;
			buildActionMask = 2147483647;
			files = (
				908FEE08217AB59900176960 /* AppDelegate.swift in Sources */,
				909ED55E217ABC88002581FC /* HomeViewController.swift in Sources */,
			);
			runOnlyForDeploymentPostprocessing = 0;
		};
		908FEE14217AB59B00176960 /* Sources */ = {
			isa = PBXSourcesBuildPhase;
			buildActionMask = 2147483647;
			files = (
				908FEE1D217AB59B00176960 /* TipsterTests.swift in Sources */,
			);
			runOnlyForDeploymentPostprocessing = 0;
		};
		908FEE1F217AB59B00176960 /* Sources */ = {
			isa = PBXSourcesBuildPhase;
			buildActionMask = 2147483647;
			files = (
				908FEE28217AB59B00176960 /* TipsterUITests.swift in Sources */,
			);
			runOnlyForDeploymentPostprocessing = 0;
		};
/* End PBXSourcesBuildPhase section */

/* Begin PBXTargetDependency section */
		908FEE1A217AB59B00176960 /* PBXTargetDependency */ = {
			isa = PBXTargetDependency;
			target = 908FEE03217AB59900176960 /* Tipster */;
			targetProxy = 908FEE19217AB59B00176960 /* PBXContainerItemProxy */;
		};
		908FEE25217AB59B00176960 /* PBXTargetDependency */ = {
			isa = PBXTargetDependency;
			target = 908FEE03217AB59900176960 /* Tipster */;
			targetProxy = 908FEE24217AB59B00176960 /* PBXContainerItemProxy */;
		};
/* End PBXTargetDependency section */

/* Begin PBXVariantGroup section */
		908FEE0B217AB59900176960 /* Main.storyboard */ = {
			isa = PBXVariantGroup;
			children = (
				908FEE0C217AB59900176960 /* Base */,
			);
			name = Main.storyboard;
			sourceTree = "<group>";
		};
		908FEE10217AB59B00176960 /* LaunchScreen.storyboard */ = {
			isa = PBXVariantGroup;
			children = (
				908FEE11217AB59B00176960 /* Base */,
			);
			name = LaunchScreen.storyboard;
			sourceTree = "<group>";
		};
/* End PBXVariantGroup section */

/* Begin XCBuildConfiguration section */
		908FEE2A217AB59B00176960 /* Debug */ = {
			isa = XCBuildConfiguration;
			buildSettings = {
				ALWAYS_SEARCH_USER_PATHS = NO;
				CLANG_ANALYZER_NONNULL = YES;
				CLANG_ANALYZER_NUMBER_OBJECT_CONVERSION = YES_AGGRESSIVE;
				CLANG_CXX_LANGUAGE_STANDARD = "gnu++14";
				CLANG_CXX_LIBRARY = "libc++";
				CLANG_ENABLE_MODULES = YES;
				CLANG_ENABLE_OBJC_ARC = YES;
				CLANG_ENABLE_OBJC_WEAK = YES;
				CLANG_WARN_BLOCK_CAPTURE_AUTORELEASING = YES;
				CLANG_WARN_BOOL_CONVERSION = YES;
				CLANG_WARN_COMMA = YES;
				CLANG_WARN_CONSTANT_CONVERSION = YES;
				CLANG_WARN_DEPRECATED_OBJC_IMPLEMENTATIONS = YES;
				CLANG_WARN_DIRECT_OBJC_ISA_USAGE = YES_ERROR;
				CLANG_WARN_DOCUMENTATION_COMMENTS = YES;
				CLANG_WARN_EMPTY_BODY = YES;
				CLANG_WARN_ENUM_CONVERSION = YES;
				CLANG_WARN_INFINITE_RECURSION = YES;
				CLANG_WARN_INT_CONVERSION = YES;
				CLANG_WARN_NON_LITERAL_NULL_CONVERSION = YES;
				CLANG_WARN_OBJC_IMPLICIT_RETAIN_SELF = YES;
				CLANG_WARN_OBJC_LITERAL_CONVERSION = YES;
				CLANG_WARN_OBJC_ROOT_CLASS = YES_ERROR;
				CLANG_WARN_RANGE_LOOP_ANALYSIS = YES;
				CLANG_WARN_STRICT_PROTOTYPES = YES;
				CLANG_WARN_SUSPICIOUS_MOVE = YES;
				CLANG_WARN_UNGUARDED_AVAILABILITY = YES_AGGRESSIVE;
				CLANG_WARN_UNREACHABLE_CODE = YES;
				CLANG_WARN__DUPLICATE_METHOD_MATCH = YES;
				CODE_SIGN_IDENTITY = "iPhone Developer";
				COPY_PHASE_STRIP = NO;
				DEBUG_INFORMATION_FORMAT = dwarf;
				ENABLE_STRICT_OBJC_MSGSEND = YES;
				ENABLE_TESTABILITY = YES;
				GCC_C_LANGUAGE_STANDARD = gnu11;
				GCC_DYNAMIC_NO_PIC = NO;
				GCC_NO_COMMON_BLOCKS = YES;
				GCC_OPTIMIZATION_LEVEL = 0;
				GCC_PREPROCESSOR_DEFINITIONS = (
					"DEBUG=1",
					"$(inherited)",
				);
				GCC_WARN_64_TO_32_BIT_CONVERSION = YES;
				GCC_WARN_ABOUT_RETURN_TYPE = YES_ERROR;
				GCC_WARN_UNDECLARED_SELECTOR = YES;
				GCC_WARN_UNINITIALIZED_AUTOS = YES_AGGRESSIVE;
				GCC_WARN_UNUSED_FUNCTION = YES;
				GCC_WARN_UNUSED_VARIABLE = YES;
				IPHONEOS_DEPLOYMENT_TARGET = 12.0;
				MTL_ENABLE_DEBUG_INFO = INCLUDE_SOURCE;
				MTL_FAST_MATH = YES;
				ONLY_ACTIVE_ARCH = YES;
				SDKROOT = iphoneos;
				SWIFT_ACTIVE_COMPILATION_CONDITIONS = DEBUG;
				SWIFT_OPTIMIZATION_LEVEL = "-Onone";
			};
			name = Debug;
		};
		908FEE2B217AB59B00176960 /* Release */ = {
			isa = XCBuildConfiguration;
			buildSettings = {
				ALWAYS_SEARCH_USER_PATHS = NO;
				CLANG_ANALYZER_NONNULL = YES;
				CLANG_ANALYZER_NUMBER_OBJECT_CONVERSION = YES_AGGRESSIVE;
				CLANG_CXX_LANGUAGE_STANDARD = "gnu++14";
				CLANG_CXX_LIBRARY = "libc++";
				CLANG_ENABLE_MODULES = YES;
				CLANG_ENABLE_OBJC_ARC = YES;
				CLANG_ENABLE_OBJC_WEAK = YES;
				CLANG_WARN_BLOCK_CAPTURE_AUTORELEASING = YES;
				CLANG_WARN_BOOL_CONVERSION = YES;
				CLANG_WARN_COMMA = YES;
				CLANG_WARN_CONSTANT_CONVERSION = YES;
				CLANG_WARN_DEPRECATED_OBJC_IMPLEMENTATIONS = YES;
				CLANG_WARN_DIRECT_OBJC_ISA_USAGE = YES_ERROR;
				CLANG_WARN_DOCUMENTATION_COMMENTS = YES;
				CLANG_WARN_EMPTY_BODY = YES;
				CLANG_WARN_ENUM_CONVERSION = YES;
				CLANG_WARN_INFINITE_RECURSION = YES;
				CLANG_WARN_INT_CONVERSION = YES;
				CLANG_WARN_NON_LITERAL_NULL_CONVERSION = YES;
				CLANG_WARN_OBJC_IMPLICIT_RETAIN_SELF = YES;
				CLANG_WARN_OBJC_LITERAL_CONVERSION = YES;
				CLANG_WARN_OBJC_ROOT_CLASS = YES_ERROR;
				CLANG_WARN_RANGE_LOOP_ANALYSIS = YES;
				CLANG_WARN_STRICT_PROTOTYPES = YES;
				CLANG_WARN_SUSPICIOUS_MOVE = YES;
				CLANG_WARN_UNGUARDED_AVAILABILITY = YES_AGGRESSIVE;
				CLANG_WARN_UNREACHABLE_CODE = YES;
				CLANG_WARN__DUPLICATE_METHOD_MATCH = YES;
				CODE_SIGN_IDENTITY = "iPhone Developer";
				COPY_PHASE_STRIP = NO;
				DEBUG_INFORMATION_FORMAT = "dwarf-with-dsym";
				ENABLE_NS_ASSERTIONS = NO;
				ENABLE_STRICT_OBJC_MSGSEND = YES;
				GCC_C_LANGUAGE_STANDARD = gnu11;
				GCC_NO_COMMON_BLOCKS = YES;
				GCC_WARN_64_TO_32_BIT_CONVERSION = YES;
				GCC_WARN_ABOUT_RETURN_TYPE = YES_ERROR;
				GCC_WARN_UNDECLARED_SELECTOR = YES;
				GCC_WARN_UNINITIALIZED_AUTOS = YES_AGGRESSIVE;
				GCC_WARN_UNUSED_FUNCTION = YES;
				GCC_WARN_UNUSED_VARIABLE = YES;
				IPHONEOS_DEPLOYMENT_TARGET = 12.0;
				MTL_ENABLE_DEBUG_INFO = NO;
				MTL_FAST_MATH = YES;
				SDKROOT = iphoneos;
				SWIFT_COMPILATION_MODE = wholemodule;
				SWIFT_OPTIMIZATION_LEVEL = "-O";
				VALIDATE_PRODUCT = YES;
			};
			name = Release;
		};
		908FEE2D217AB59B00176960 /* Debug */ = {
			isa = XCBuildConfiguration;
			buildSettings = {
				ASSETCATALOG_COMPILER_APPICON_NAME = AppIcon;
				CODE_SIGN_STYLE = Automatic;
				INFOPLIST_FILE = Tipster/Info.plist;
				LD_RUNPATH_SEARCH_PATHS = (
					"$(inherited)",
					"@executable_path/Frameworks",
				);
				PRODUCT_BUNDLE_IDENTIFIER = sabermdabir.github.io.Tipster;
				PRODUCT_NAME = "$(TARGET_NAME)";
				SWIFT_VERSION = 4.2;
				TARGETED_DEVICE_FAMILY = "1,2";
			};
			name = Debug;
		};
		908FEE2E217AB59B00176960 /* Release */ = {
			isa = XCBuildConfiguration;
			buildSettings = {
				ASSETCATALOG_COMPILER_APPICON_NAME = AppIcon;
				CODE_SIGN_STYLE = Automatic;
				INFOPLIST_FILE = Tipster/Info.plist;
				LD_RUNPATH_SEARCH_PATHS = (
					"$(inherited)",
					"@executable_path/Frameworks",
				);
				PRODUCT_BUNDLE_IDENTIFIER = sabermdabir.github.io.Tipster;
				PRODUCT_NAME = "$(TARGET_NAME)";
				SWIFT_VERSION = 4.2;
				TARGETED_DEVICE_FAMILY = "1,2";
			};
			name = Release;
		};
		908FEE30217AB59B00176960 /* Debug */ = {
			isa = XCBuildConfiguration;
			buildSettings = {
				ALWAYS_EMBED_SWIFT_STANDARD_LIBRARIES = YES;
				BUNDLE_LOADER = "$(TEST_HOST)";
				CODE_SIGN_STYLE = Automatic;
				INFOPLIST_FILE = TipsterTests/Info.plist;
				LD_RUNPATH_SEARCH_PATHS = (
					"$(inherited)",
					"@executable_path/Frameworks",
					"@loader_path/Frameworks",
				);
				PRODUCT_BUNDLE_IDENTIFIER = sabermdabir.github.io.TipsterTests;
				PRODUCT_NAME = "$(TARGET_NAME)";
				SWIFT_VERSION = 4.2;
				TARGETED_DEVICE_FAMILY = "1,2";
				TEST_HOST = "$(BUILT_PRODUCTS_DIR)/Tipster.app/Tipster";
			};
			name = Debug;
		};
		908FEE31217AB59B00176960 /* Release */ = {
			isa = XCBuildConfiguration;
			buildSettings = {
				ALWAYS_EMBED_SWIFT_STANDARD_LIBRARIES = YES;
				BUNDLE_LOADER = "$(TEST_HOST)";
				CODE_SIGN_STYLE = Automatic;
				INFOPLIST_FILE = TipsterTests/Info.plist;
				LD_RUNPATH_SEARCH_PATHS = (
					"$(inherited)",
					"@executable_path/Frameworks",
					"@loader_path/Frameworks",
				);
				PRODUCT_BUNDLE_IDENTIFIER = sabermdabir.github.io.TipsterTests;
				PRODUCT_NAME = "$(TARGET_NAME)";
				SWIFT_VERSION = 4.2;
				TARGETED_DEVICE_FAMILY = "1,2";
				TEST_HOST = "$(BUILT_PRODUCTS_DIR)/Tipster.app/Tipster";
			};
			name = Release;
		};
		908FEE33217AB59B00176960 /* Debug */ = {
			isa = XCBuildConfiguration;
			buildSettings = {
				ALWAYS_EMBED_SWIFT_STANDARD_LIBRARIES = YES;
				CODE_SIGN_STYLE = Automatic;
				INFOPLIST_FILE = TipsterUITests/Info.plist;
				LD_RUNPATH_SEARCH_PATHS = (
					"$(inherited)",
					"@executable_path/Frameworks",
					"@loader_path/Frameworks",
				);
				PRODUCT_BUNDLE_IDENTIFIER = sabermdabir.github.io.TipsterUITests;
				PRODUCT_NAME = "$(TARGET_NAME)";
				SWIFT_VERSION = 4.2;
				TARGETED_DEVICE_FAMILY = "1,2";
				TEST_TARGET_NAME = Tipster;
			};
			name = Debug;
		};
		908FEE34217AB59B00176960 /* Release */ = {
			isa = XCBuildConfiguration;
			buildSettings = {
				ALWAYS_EMBED_SWIFT_STANDARD_LIBRARIES = YES;
				CODE_SIGN_STYLE = Automatic;
				INFOPLIST_FILE = TipsterUITests/Info.plist;
				LD_RUNPATH_SEARCH_PATHS = (
					"$(inherited)",
					"@executable_path/Frameworks",
					"@loader_path/Frameworks",
				);
				PRODUCT_BUNDLE_IDENTIFIER = sabermdabir.github.io.TipsterUITests;
				PRODUCT_NAME = "$(TARGET_NAME)";
				SWIFT_VERSION = 4.2;
				TARGETED_DEVICE_FAMILY = "1,2";
				TEST_TARGET_NAME = Tipster;
			};
			name = Release;
		};
/* End XCBuildConfiguration section */

/* Begin XCConfigurationList section */
		908FEDFF217AB59900176960 /* Build configuration list for PBXProject "Tipster" */ = {
			isa = XCConfigurationList;
			buildConfigurations = (
				908FEE2A217AB59B00176960 /* Debug */,
				908FEE2B217AB59B00176960 /* Release */,
			);
			defaultConfigurationIsVisible = 0;
			defaultConfigurationName = Release;
		};
		908FEE2C217AB59B00176960 /* Build configuration list for PBXNativeTarget "Tipster" */ = {
			isa = XCConfigurationList;
			buildConfigurations = (
				908FEE2D217AB59B00176960 /* Debug */,
				908FEE2E217AB59B00176960 /* Release */,
			);
			defaultConfigurationIsVisible = 0;
			defaultConfigurationName = Release;
		};
		908FEE2F217AB59B00176960 /* Build configuration list for PBXNativeTarget "TipsterTests" */ = {
			isa = XCConfigurationList;
			buildConfigurations = (
				908FEE30217AB59B00176960 /* Debug */,
				908FEE31217AB59B00176960 /* Release */,
			);
			defaultConfigurationIsVisible = 0;
			defaultConfigurationName = Release;
		};
		908FEE32217AB59B00176960 /* Build configuration list for PBXNativeTarget "TipsterUITests" */ = {
			isa = XCConfigurationList;
			buildConfigurations = (
				908FEE33217AB59B00176960 /* Debug */,
				908FEE34217AB59B00176960 /* Release */,
			);
			defaultConfigurationIsVisible = 0;
			defaultConfigurationName = Release;
		};
/* End XCConfigurationList section */
	};
	rootObject = 908FEDFC217AB59900176960 /* Project object */;
}
